// !$*UTF8*$!
{
	archiveVersion = 1;
	classes = {
	};
	objectVersion = 56;
	objects = {

/* Begin PBXBuildFile section */
		0870C6D229678FA000E95533 /* iOS_Speedrun_TimerApp.swift in Sources */ = {isa = PBXBuildFile; fileRef = 0870C6D129678FA000E95533 /* iOS_Speedrun_TimerApp.swift */; };
		0870C6D429678FA000E95533 /* ContentView.swift in Sources */ = {isa = PBXBuildFile; fileRef = 0870C6D329678FA000E95533 /* ContentView.swift */; };
		0870C6D629678FA100E95533 /* Assets.xcassets in Resources */ = {isa = PBXBuildFile; fileRef = 0870C6D529678FA100E95533 /* Assets.xcassets */; };
		0870C6DA29678FA100E95533 /* Preview Assets.xcassets in Resources */ = {isa = PBXBuildFile; fileRef = 0870C6D929678FA100E95533 /* Preview Assets.xcassets */; };
		0870C76D2968F4D900E95533 /* GamePageView.swift in Sources */ = {isa = PBXBuildFile; fileRef = 0870C76C2968F4D900E95533 /* GamePageView.swift */; };
		0870C7702968F4F800E95533 /* GameTabView.swift in Sources */ = {isa = PBXBuildFile; fileRef = 0870C76F2968F4F800E95533 /* GameTabView.swift */; };
		0870C7722968F95900E95533 /* CategoryTabView.swift in Sources */ = {isa = PBXBuildFile; fileRef = 0870C7712968F95900E95533 /* CategoryTabView.swift */; };
		0870C7742968F9EB00E95533 /* CategoryPageView.swift in Sources */ = {isa = PBXBuildFile; fileRef = 0870C7732968F9EB00E95533 /* CategoryPageView.swift */; };
		0870C7772968FB0B00E95533 /* MilestoneTabView.swift in Sources */ = {isa = PBXBuildFile; fileRef = 0870C7762968FB0B00E95533 /* MilestoneTabView.swift */; };
		0870C7792968FC6D00E95533 /* RightArrow.swift in Sources */ = {isa = PBXBuildFile; fileRef = 0870C7782968FC6D00E95533 /* RightArrow.swift */; };
		0870C77B2968FCC300E95533 /* MilestonePageView.swift in Sources */ = {isa = PBXBuildFile; fileRef = 0870C77A2968FCC300E95533 /* MilestonePageView.swift */; };
		0870C77D2968FD6200E95533 /* TimerView.swift in Sources */ = {isa = PBXBuildFile; fileRef = 0870C77C2968FD6200E95533 /* TimerView.swift */; };
/* End PBXBuildFile section */

/* Begin PBXFileReference section */
		0870C6CE29678FA000E95533 /* iOS-Speedrun-Timer.app */ = {isa = PBXFileReference; explicitFileType = wrapper.application; includeInIndex = 0; path = "iOS-Speedrun-Timer.app"; sourceTree = BUILT_PRODUCTS_DIR; };
		0870C6D129678FA000E95533 /* iOS_Speedrun_TimerApp.swift */ = {isa = PBXFileReference; lastKnownFileType = sourcecode.swift; path = iOS_Speedrun_TimerApp.swift; sourceTree = "<group>"; };
		0870C6D329678FA000E95533 /* ContentView.swift */ = {isa = PBXFileReference; lastKnownFileType = sourcecode.swift; path = ContentView.swift; sourceTree = "<group>"; };
		0870C6D529678FA100E95533 /* Assets.xcassets */ = {isa = PBXFileReference; lastKnownFileType = folder.assetcatalog; path = Assets.xcassets; sourceTree = "<group>"; };
		0870C6D729678FA100E95533 /* iOS_Speedrun_Timer.entitlements */ = {isa = PBXFileReference; lastKnownFileType = text.plist.entitlements; path = iOS_Speedrun_Timer.entitlements; sourceTree = "<group>"; };
		0870C6D929678FA100E95533 /* Preview Assets.xcassets */ = {isa = PBXFileReference; lastKnownFileType = folder.assetcatalog; path = "Preview Assets.xcassets"; sourceTree = "<group>"; };
		0870C76C2968F4D900E95533 /* GamePageView.swift */ = {isa = PBXFileReference; lastKnownFileType = sourcecode.swift; path = GamePageView.swift; sourceTree = "<group>"; };
		0870C76F2968F4F800E95533 /* GameTabView.swift */ = {isa = PBXFileReference; lastKnownFileType = sourcecode.swift; path = GameTabView.swift; sourceTree = "<group>"; };
		0870C7712968F95900E95533 /* CategoryTabView.swift */ = {isa = PBXFileReference; lastKnownFileType = sourcecode.swift; path = CategoryTabView.swift; sourceTree = "<group>"; };
		0870C7732968F9EB00E95533 /* CategoryPageView.swift */ = {isa = PBXFileReference; lastKnownFileType = sourcecode.swift; path = CategoryPageView.swift; sourceTree = "<group>"; };
		0870C7762968FB0B00E95533 /* MilestoneTabView.swift */ = {isa = PBXFileReference; lastKnownFileType = sourcecode.swift; path = MilestoneTabView.swift; sourceTree = "<group>"; };
		0870C7782968FC6D00E95533 /* RightArrow.swift */ = {isa = PBXFileReference; lastKnownFileType = sourcecode.swift; path = RightArrow.swift; sourceTree = "<group>"; };
		0870C77A2968FCC300E95533 /* MilestonePageView.swift */ = {isa = PBXFileReference; lastKnownFileType = sourcecode.swift; path = MilestonePageView.swift; sourceTree = "<group>"; };
		0870C77C2968FD6200E95533 /* TimerView.swift */ = {isa = PBXFileReference; lastKnownFileType = sourcecode.swift; path = TimerView.swift; sourceTree = "<group>"; };
/* End PBXFileReference section */

/* Begin PBXFrameworksBuildPhase section */
		0870C6CB29678FA000E95533 /* Frameworks */ = {
			isa = PBXFrameworksBuildPhase;
			buildActionMask = 2147483647;
			files = (
			);
			runOnlyForDeploymentPostprocessing = 0;
		};
/* End PBXFrameworksBuildPhase section */

/* Begin PBXGroup section */
		0870C6C529678FA000E95533 = {
			isa = PBXGroup;
			children = (
				0870C6D029678FA000E95533 /* iOS-Speedrun-Timer */,
				0870C6CF29678FA000E95533 /* Products */,
			);
			sourceTree = "<group>";
		};
		0870C6CF29678FA000E95533 /* Products */ = {
			isa = PBXGroup;
			children = (
				0870C6CE29678FA000E95533 /* iOS-Speedrun-Timer.app */,
			);
			name = Products;
			sourceTree = "<group>";
		};
		0870C6D029678FA000E95533 /* iOS-Speedrun-Timer */ = {
			isa = PBXGroup;
			children = (
				0870C76E2968F4EA00E95533 /* Components */,
				0870C76B2968F4BF00E95533 /* Page Views */,
				0870C6D129678FA000E95533 /* iOS_Speedrun_TimerApp.swift */,
				0870C6D329678FA000E95533 /* ContentView.swift */,
				0870C6D529678FA100E95533 /* Assets.xcassets */,
				0870C6D729678FA100E95533 /* iOS_Speedrun_Timer.entitlements */,
				0870C6D829678FA100E95533 /* Preview Content */,
			);
			path = "iOS-Speedrun-Timer";
			sourceTree = "<group>";
		};
		0870C6D829678FA100E95533 /* Preview Content */ = {
			isa = PBXGroup;
			children = (
				0870C6D929678FA100E95533 /* Preview Assets.xcassets */,
			);
			path = "Preview Content";
			sourceTree = "<group>";
		};
		0870C76B2968F4BF00E95533 /* Page Views */ = {
			isa = PBXGroup;
			children = (
				0870C76C2968F4D900E95533 /* GamePageView.swift */,
				0870C7732968F9EB00E95533 /* CategoryPageView.swift */,
				0870C77A2968FCC300E95533 /* MilestonePageView.swift */,
			);
			path = "Page Views";
			sourceTree = "<group>";
		};
		0870C76E2968F4EA00E95533 /* Components */ = {
			isa = PBXGroup;
			children = (
				0870C76F2968F4F800E95533 /* GameTabView.swift */,
				0870C7712968F95900E95533 /* CategoryTabView.swift */,
				0870C7762968FB0B00E95533 /* MilestoneTabView.swift */,
				0870C7782968FC6D00E95533 /* RightArrow.swift */,
				0870C77C2968FD6200E95533 /* TimerView.swift */,
			);
			path = Components;
			sourceTree = "<group>";
		};
/* End PBXGroup section */

/* Begin PBXNativeTarget section */
		0870C6CD29678FA000E95533 /* iOS-Speedrun-Timer */ = {
			isa = PBXNativeTarget;
			buildConfigurationList = 0870C6DD29678FA100E95533 /* Build configuration list for PBXNativeTarget "iOS-Speedrun-Timer" */;
			buildPhases = (
				0870C6CA29678FA000E95533 /* Sources */,
				0870C6CB29678FA000E95533 /* Frameworks */,
				0870C6CC29678FA000E95533 /* Resources */,
			);
			buildRules = (
			);
			dependencies = (
			);
			name = "iOS-Speedrun-Timer";
			productName = "iOS-Speedrun-Timer";
			productReference = 0870C6CE29678FA000E95533 /* iOS-Speedrun-Timer.app */;
			productType = "com.apple.product-type.application";
		};
/* End PBXNativeTarget section */

/* Begin PBXProject section */
		0870C6C629678FA000E95533 /* Project object */ = {
			isa = PBXProject;
			attributes = {
				BuildIndependentTargetsInParallel = 1;
				LastSwiftUpdateCheck = 1420;
				LastUpgradeCheck = 1420;
				TargetAttributes = {
					0870C6CD29678FA000E95533 = {
						CreatedOnToolsVersion = 14.2;
					};
				};
			};
			buildConfigurationList = 0870C6C929678FA000E95533 /* Build configuration list for PBXProject "iOS-Speedrun-Timer" */;
			compatibilityVersion = "Xcode 14.0";
			developmentRegion = en;
			hasScannedForEncodings = 0;
			knownRegions = (
				en,
				Base,
			);
			mainGroup = 0870C6C529678FA000E95533;
			productRefGroup = 0870C6CF29678FA000E95533 /* Products */;
			projectDirPath = "";
			projectRoot = "";
			targets = (
				0870C6CD29678FA000E95533 /* iOS-Speedrun-Timer */,
			);
		};
/* End PBXProject section */

/* Begin PBXResourcesBuildPhase section */
		0870C6CC29678FA000E95533 /* Resources */ = {
			isa = PBXResourcesBuildPhase;
			buildActionMask = 2147483647;
			files = (
				0870C6DA29678FA100E95533 /* Preview Assets.xcassets in Resources */,
				0870C6D629678FA100E95533 /* Assets.xcassets in Resources */,
			);
			runOnlyForDeploymentPostprocessing = 0;
		};
/* End PBXResourcesBuildPhase section */

/* Begin PBXSourcesBuildPhase section */
		0870C6CA29678FA000E95533 /* Sources */ = {
			isa = PBXSourcesBuildPhase;
			buildActionMask = 2147483647;
			files = (
				0870C77D2968FD6200E95533 /* TimerView.swift in Sources */,
				0870C77B2968FCC300E95533 /* MilestonePageView.swift in Sources */,
				0870C6D429678FA000E95533 /* ContentView.swift in Sources */,
				0870C7742968F9EB00E95533 /* CategoryPageView.swift in Sources */,
				0870C6D229678FA000E95533 /* iOS_Speedrun_TimerApp.swift in Sources */,
				0870C7722968F95900E95533 /* CategoryTabView.swift in Sources */,
				0870C7792968FC6D00E95533 /* RightArrow.swift in Sources */,
				0870C7772968FB0B00E95533 /* MilestoneTabView.swift in Sources */,
				0870C76D2968F4D900E95533 /* GamePageView.swift in Sources */,
				0870C7702968F4F800E95533 /* GameTabView.swift in Sources */,
			);
			runOnlyForDeploymentPostprocessing = 0;
		};
/* End PBXSourcesBuildPhase section */

/* Begin XCBuildConfiguration section */
		0870C6DB29678FA100E95533 /* Debug */ = {
			isa = XCBuildConfiguration;
			buildSettings = {
				ALWAYS_SEARCH_USER_PATHS = NO;
				CLANG_ANALYZER_NONNULL = YES;
				CLANG_ANALYZER_NUMBER_OBJECT_CONVERSION = YES_AGGRESSIVE;
				CLANG_CXX_LANGUAGE_STANDARD = "gnu++20";
				CLANG_ENABLE_MODULES = YES;
				CLANG_ENABLE_OBJC_ARC = YES;
				CLANG_ENABLE_OBJC_WEAK = YES;
				CLANG_WARN_BLOCK_CAPTURE_AUTORELEASING = YES;
				CLANG_WARN_BOOL_CONVERSION = YES;
				CLANG_WARN_COMMA = YES;
				CLANG_WARN_CONSTANT_CONVERSION = YES;
				CLANG_WARN_DEPRECATED_OBJC_IMPLEMENTATIONS = YES;
				CLANG_WARN_DIRECT_OBJC_ISA_USAGE = YES_ERROR;
				CLANG_WARN_DOCUMENTATION_COMMENTS = YES;
				CLANG_WARN_EMPTY_BODY = YES;
				CLANG_WARN_ENUM_CONVERSION = YES;
				CLANG_WARN_INFINITE_RECURSION = YES;
				CLANG_WARN_INT_CONVERSION = YES;
				CLANG_WARN_NON_LITERAL_NULL_CONVERSION = YES;
				CLANG_WARN_OBJC_IMPLICIT_RETAIN_SELF = YES;
				CLANG_WARN_OBJC_LITERAL_CONVERSION = YES;
				CLANG_WARN_OBJC_ROOT_CLASS = YES_ERROR;
				CLANG_WARN_QUOTED_INCLUDE_IN_FRAMEWORK_HEADER = YES;
				CLANG_WARN_RANGE_LOOP_ANALYSIS = YES;
				CLANG_WARN_STRICT_PROTOTYPES = YES;
				CLANG_WARN_SUSPICIOUS_MOVE = YES;
				CLANG_WARN_UNGUARDED_AVAILABILITY = YES_AGGRESSIVE;
				CLANG_WARN_UNREACHABLE_CODE = YES;
				CLANG_WARN__DUPLICATE_METHOD_MATCH = YES;
				COPY_PHASE_STRIP = NO;
				DEBUG_INFORMATION_FORMAT = dwarf;
				ENABLE_STRICT_OBJC_MSGSEND = YES;
				ENABLE_TESTABILITY = YES;
				GCC_C_LANGUAGE_STANDARD = gnu11;
				GCC_DYNAMIC_NO_PIC = NO;
				GCC_NO_COMMON_BLOCKS = YES;
				GCC_OPTIMIZATION_LEVEL = 0;
				GCC_PREPROCESSOR_DEFINITIONS = (
					"DEBUG=1",
					"$(inherited)",
				);
				GCC_WARN_64_TO_32_BIT_CONVERSION = YES;
				GCC_WARN_ABOUT_RETURN_TYPE = YES_ERROR;
				GCC_WARN_UNDECLARED_SELECTOR = YES;
				GCC_WARN_UNINITIALIZED_AUTOS = YES_AGGRESSIVE;
				GCC_WARN_UNUSED_FUNCTION = YES;
				GCC_WARN_UNUSED_VARIABLE = YES;
				MTL_ENABLE_DEBUG_INFO = INCLUDE_SOURCE;
				MTL_FAST_MATH = YES;
				ONLY_ACTIVE_ARCH = YES;
				SWIFT_ACTIVE_COMPILATION_CONDITIONS = DEBUG;
				SWIFT_OPTIMIZATION_LEVEL = "-Onone";
			};
			name = Debug;
		};
		0870C6DC29678FA100E95533 /* Release */ = {
			isa = XCBuildConfiguration;
			buildSettings = {
				ALWAYS_SEARCH_USER_PATHS = NO;
				CLANG_ANALYZER_NONNULL = YES;
				CLANG_ANALYZER_NUMBER_OBJECT_CONVERSION = YES_AGGRESSIVE;
				CLANG_CXX_LANGUAGE_STANDARD = "gnu++20";
				CLANG_ENABLE_MODULES = YES;
				CLANG_ENABLE_OBJC_ARC = YES;
				CLANG_ENABLE_OBJC_WEAK = YES;
				CLANG_WARN_BLOCK_CAPTURE_AUTORELEASING = YES;
				CLANG_WARN_BOOL_CONVERSION = YES;
				CLANG_WARN_COMMA = YES;
				CLANG_WARN_CONSTANT_CONVERSION = YES;
				CLANG_WARN_DEPRECATED_OBJC_IMPLEMENTATIONS = YES;
				CLANG_WARN_DIRECT_OBJC_ISA_USAGE = YES_ERROR;
				CLANG_WARN_DOCUMENTATION_COMMENTS = YES;
				CLANG_WARN_EMPTY_BODY = YES;
				CLANG_WARN_ENUM_CONVERSION = YES;
				CLANG_WARN_INFINITE_RECURSION = YES;
				CLANG_WARN_INT_CONVERSION = YES;
				CLANG_WARN_NON_LITERAL_NULL_CONVERSION = YES;
				CLANG_WARN_OBJC_IMPLICIT_RETAIN_SELF = YES;
				CLANG_WARN_OBJC_LITERAL_CONVERSION = YES;
				CLANG_WARN_OBJC_ROOT_CLASS = YES_ERROR;
				CLANG_WARN_QUOTED_INCLUDE_IN_FRAMEWORK_HEADER = YES;
				CLANG_WARN_RANGE_LOOP_ANALYSIS = YES;
				CLANG_WARN_STRICT_PROTOTYPES = YES;
				CLANG_WARN_SUSPICIOUS_MOVE = YES;
				CLANG_WARN_UNGUARDED_AVAILABILITY = YES_AGGRESSIVE;
				CLANG_WARN_UNREACHABLE_CODE = YES;
				CLANG_WARN__DUPLICATE_METHOD_MATCH = YES;
				COPY_PHASE_STRIP = NO;
				DEBUG_INFORMATION_FORMAT = "dwarf-with-dsym";
				ENABLE_NS_ASSERTIONS = NO;
				ENABLE_STRICT_OBJC_MSGSEND = YES;
				GCC_C_LANGUAGE_STANDARD = gnu11;
				GCC_NO_COMMON_BLOCKS = YES;
				GCC_WARN_64_TO_32_BIT_CONVERSION = YES;
				GCC_WARN_ABOUT_RETURN_TYPE = YES_ERROR;
				GCC_WARN_UNDECLARED_SELECTOR = YES;
				GCC_WARN_UNINITIALIZED_AUTOS = YES_AGGRESSIVE;
				GCC_WARN_UNUSED_FUNCTION = YES;
				GCC_WARN_UNUSED_VARIABLE = YES;
				MTL_ENABLE_DEBUG_INFO = NO;
				MTL_FAST_MATH = YES;
				SWIFT_COMPILATION_MODE = wholemodule;
				SWIFT_OPTIMIZATION_LEVEL = "-O";
			};
			name = Release;
		};
		0870C6DE29678FA100E95533 /* Debug */ = {
			isa = XCBuildConfiguration;
			buildSettings = {
				ASSETCATALOG_COMPILER_APPICON_NAME = AppIcon;
				ASSETCATALOG_COMPILER_GLOBAL_ACCENT_COLOR_NAME = AccentColor;
				CODE_SIGN_ENTITLEMENTS = "iOS-Speedrun-Timer/iOS_Speedrun_Timer.entitlements";
				CODE_SIGN_STYLE = Automatic;
				CURRENT_PROJECT_VERSION = 1;
				DEVELOPMENT_ASSET_PATHS = "\"iOS-Speedrun-Timer/Preview Content\"";
				DEVELOPMENT_TEAM = 22S92YZZ7U;
				ENABLE_HARDENED_RUNTIME = YES;
				ENABLE_PREVIEWS = YES;
				GENERATE_INFOPLIST_FILE = YES;
				"INFOPLIST_KEY_UIApplicationSceneManifest_Generation[sdk=iphoneos*]" = YES;
				"INFOPLIST_KEY_UIApplicationSceneManifest_Generation[sdk=iphonesimulator*]" = YES;
				"INFOPLIST_KEY_UIApplicationSupportsIndirectInputEvents[sdk=iphoneos*]" = YES;
				"INFOPLIST_KEY_UIApplicationSupportsIndirectInputEvents[sdk=iphonesimulator*]" = YES;
				"INFOPLIST_KEY_UILaunchScreen_Generation[sdk=iphoneos*]" = YES;
				"INFOPLIST_KEY_UILaunchScreen_Generation[sdk=iphonesimulator*]" = YES;
				"INFOPLIST_KEY_UIStatusBarStyle[sdk=iphoneos*]" = UIStatusBarStyleDefault;
				"INFOPLIST_KEY_UIStatusBarStyle[sdk=iphonesimulator*]" = UIStatusBarStyleDefault;
				INFOPLIST_KEY_UISupportedInterfaceOrientations_iPad = "UIInterfaceOrientationPortrait UIInterfaceOrientationPortraitUpsideDown UIInterfaceOrientationLandscapeLeft UIInterfaceOrientationLandscapeRight";
				INFOPLIST_KEY_UISupportedInterfaceOrientations_iPhone = "UIInterfaceOrientationPortrait UIInterfaceOrientationLandscapeLeft UIInterfaceOrientationLandscapeRight";
				IPHONEOS_DEPLOYMENT_TARGET = 16.2;
				LD_RUNPATH_SEARCH_PATHS = "@executable_path/Frameworks";
				"LD_RUNPATH_SEARCH_PATHS[sdk=macosx*]" = "@executable_path/../Frameworks";
				MACOSX_DEPLOYMENT_TARGET = 13.1;
				MARKETING_VERSION = 1.0;
				PRODUCT_BUNDLE_IDENTIFIER = "com.alexeckardt.iOS-Speedrun-Timer";
				PRODUCT_NAME = "$(TARGET_NAME)";
				SDKROOT = auto;
				SUPPORTED_PLATFORMS = "iphoneos iphonesimulator macosx";
				SWIFT_EMIT_LOC_STRINGS = YES;
				SWIFT_VERSION = 5.0;
				TARGETED_DEVICE_FAMILY = "1,2";
			};
			name = Debug;
		};
		0870C6DF29678FA100E95533 /* Release */ = {
			isa = XCBuildConfiguration;
			buildSettings = {
				ASSETCATALOG_COMPILER_APPICON_NAME = AppIcon;
				ASSETCATALOG_COMPILER_GLOBAL_ACCENT_COLOR_NAME = AccentColor;
				CODE_SIGN_ENTITLEMENTS = "iOS-Speedrun-Timer/iOS_Speedrun_Timer.entitlements";
				CODE_SIGN_STYLE = Automatic;
				CURRENT_PROJECT_VERSION = 1;
				DEVELOPMENT_ASSET_PATHS = "\"iOS-Speedrun-Timer/Preview Content\"";
				DEVELOPMENT_TEAM = 22S92YZZ7U;
				ENABLE_HARDENED_RUNTIME = YES;
				ENABLE_PREVIEWS = YES;
				GENERATE_INFOPLIST_FILE = YES;
				"INFOPLIST_KEY_UIApplicationSceneManifest_Generation[sdk=iphoneos*]" = YES;
				"INFOPLIST_KEY_UIApplicationSceneManifest_Generation[sdk=iphonesimulator*]" = YES;
				"INFOPLIST_KEY_UIApplicationSupportsIndirectInputEvents[sdk=iphoneos*]" = YES;
				"INFOPLIST_KEY_UIApplicationSupportsIndirectInputEvents[sdk=iphonesimulator*]" = YES;
				"INFOPLIST_KEY_UILaunchScreen_Generation[sdk=iphoneos*]" = YES;
				"INFOPLIST_KEY_UILaunchScreen_Generation[sdk=iphonesimulator*]" = YES;
				"INFOPLIST_KEY_UIStatusBarStyle[sdk=iphoneos*]" = UIStatusBarStyleDefault;
				"INFOPLIST_KEY_UIStatusBarStyle[sdk=iphonesimulator*]" = UIStatusBarStyleDefault;
				INFOPLIST_KEY_UISupportedInterfaceOrientations_iPad = "UIInterfaceOrientationPortrait UIInterfaceOrientationPortraitUpsideDown UIInterfaceOrientationLandscapeLeft UIInterfaceOrientationLandscapeRight";
				INFOPLIST_KEY_UISupportedInterfaceOrientations_iPhone = "UIInterfaceOrientationPortrait UIInterfaceOrientationLandscapeLeft UIInterfaceOrientationLandscapeRight";
				IPHONEOS_DEPLOYMENT_TARGET = 16.2;
				LD_RUNPATH_SEARCH_PATHS = "@executable_path/Frameworks";
				"LD_RUNPATH_SEARCH_PATHS[sdk=macosx*]" = "@executable_path/../Frameworks";
				MACOSX_DEPLOYMENT_TARGET = 13.1;
				MARKETING_VERSION = 1.0;
				PRODUCT_BUNDLE_IDENTIFIER = "com.alexeckardt.iOS-Speedrun-Timer";
				PRODUCT_NAME = "$(TARGET_NAME)";
				SDKROOT = auto;
				SUPPORTED_PLATFORMS = "iphoneos iphonesimulator macosx";
				SWIFT_EMIT_LOC_STRINGS = YES;
				SWIFT_VERSION = 5.0;
				TARGETED_DEVICE_FAMILY = "1,2";
			};
			name = Release;
		};
/* End XCBuildConfiguration section */

/* Begin XCConfigurationList section */
		0870C6C929678FA000E95533 /* Build configuration list for PBXProject "iOS-Speedrun-Timer" */ = {
			isa = XCConfigurationList;
			buildConfigurations = (
				0870C6DB29678FA100E95533 /* Debug */,
				0870C6DC29678FA100E95533 /* Release */,
			);
			defaultConfigurationIsVisible = 0;
			defaultConfigurationName = Release;
		};
		0870C6DD29678FA100E95533 /* Build configuration list for PBXNativeTarget "iOS-Speedrun-Timer" */ = {
			isa = XCConfigurationList;
			buildConfigurations = (
				0870C6DE29678FA100E95533 /* Debug */,
				0870C6DF29678FA100E95533 /* Release */,
			);
			defaultConfigurationIsVisible = 0;
			defaultConfigurationName = Release;
		};
/* End XCConfigurationList section */
	};
	rootObject = 0870C6C629678FA000E95533 /* Project object */;
}
